{
  "name": "Clarinet-crm",
  "lockfileVersion": 3,
  "requires": true,
  "packages": {
    "": {
      "dependencies": {
        "@shopify/app-bridge-react": "^4.1.6",
        "@shopify/app-bridge-utils": "^3.5.1"
      }
    },
    "node_modules/@shopify/app-bridge": {
      "version": "3.7.10",
      "resolved": "https://registry.npmjs.org/@shopify/app-bridge/-/app-bridge-3.7.10.tgz",
      "integrity": "sha512-zy4c05DEOkYXm1yWIe0FrI0lq6hzffIT4JWzb9XKqY5OPRNHRHg+ihDt0ZnR8eMVmYV03yStpGAITIfqOgn4TQ==",
      "license": "MIT",
      "dependencies": {
        "@shopify/app-bridge-core": "1.1.1",
        "base64url": "^3.0.1",
        "web-vitals": "^3.0.1"
      }
    },
    "node_modules/@shopify/app-bridge-core": {
      "version": "1.1.1",
      "resolved": "https://registry.npmjs.org/@shopify/app-bridge-core/-/app-bridge-core-1.1.1.tgz",
      "integrity": "sha512-kEnJUpkC9vDdmGMN3Mezq/FlDBqP+DFg/A1PFzqTW8FILu0wzFmz1aFk4Hxy6Y6ilceMmn8QXsyLA9DfaeH4jQ==",
      "license": "MIT"
    },
    "node_modules/@shopify/app-bridge-react": {
      "version": "4.1.6",
      "resolved": "https://registry.npmjs.org/@shopify/app-bridge-react/-/app-bridge-react-4.1.6.tgz",
      "integrity": "sha512-/Txi1L8ihV2ZK1w7Qh6+wsCITknQI7XS89nYYbqF7y2+hne446VM2DEsO7EVWz0MFc2tFA2IILjxdwVYSREYWw==",
      "license": "MIT",
      "dependencies": {
        "@shopify/app-bridge-types": "0.0.16"
      },
      "peerDependencies": {
        "react": "^18.0.0",
        "react-dom": "^18.0.0"
      }
    },
    "node_modules/@shopify/app-bridge-types": {
      "version": "0.0.16",
      "resolved": "https://registry.npmjs.org/@shopify/app-bridge-types/-/app-bridge-types-0.0.16.tgz",
      "integrity": "sha512-UjKot8gOAv0qc9dxaooQv9fl1ob6zlupuOAgexj++H8cYQuAD8I6cbJ/whY4skqRXM/qZn68vuERq3eeDlByJg==",
      "license": "ISC"
    },
    "node_modules/@shopify/app-bridge-utils": {
      "version": "3.5.1",
      "resolved": "https://registry.npmjs.org/@shopify/app-bridge-utils/-/app-bridge-utils-3.5.1.tgz",
      "integrity": "sha512-VZRvRfg1nF/0/C7zIwYlQ2RXY2S7ALw04Lp6vXPkzBxggDYakx9Lbvc5/k7ZTvhwZv2q8+FVHh319IMW81b27Q==",
      "deprecated": "Package no longer supported. Contact Support at https://www.npmjs.com/support for more info.",
      "license": "MIT",
      "dependencies": {
        "@shopify/app-bridge": "^3.5.1"
      }
    },
    "node_modules/base64url": {
      "version": "3.0.1",
      "resolved": "https://registry.npmjs.org/base64url/-/base64url-3.0.1.tgz",
      "integrity": "sha512-ir1UPr3dkwexU7FdV8qBBbNDRUhMmIekYMFZfi+C/sLNnRESKPl23nB9b2pltqfOQNnGzsDdId90AEtG5tCx4A==",
      "license": "MIT",
      "engines": {
        "node": ">=6.0.0"
      }
    },
    "node_modules/js-tokens": {
      "version": "4.0.0",
      "resolved": "https://registry.npmjs.org/js-tokens/-/js-tokens-4.0.0.tgz",
      "integrity": "sha512-RdJUflcE3cUzKiMqQgsCu06FPu9UdIJO0beYbPhHN4k6apgJtifcoCtT9bcxOpYBtpD2kCM6Sbzg4CausW/PKQ==",
      "license": "MIT",
      "peer": true
    },
    "node_modules/loose-envify": {
      "version": "1.4.0",
      "resolved": "https://registry.npmjs.org/loose-envify/-/loose-envify-1.4.0.tgz",
      "integrity": "sha512-lyuxPGr/Wfhrlem2CL/UcnUc1zcqKAImBDzukY7Y5F/yQiNdko6+fRLevlw1HgMySw7f611UIY408EtxRSoK3Q==",
      "license": "MIT",
      "peer": true,
      "dependencies": {
        "js-tokens": "^3.0.0 || ^4.0.0"
      },
      "bin": {
        "loose-envify": "cli.js"
      }
    },
    "node_modules/react": {
      "version": "18.3.1",
      "resolved": "https://registry.npmjs.org/react/-/react-18.3.1.tgz",
      "integrity": "sha512-wS+hAgJShR0KhEvPJArfuPVN1+Hz1t0Y6n5jLrGQbkb4urgPE/0Rve+1kMB1v/oWgHgm4WIcV+i7F2pTVj+2iQ==",
      "license": "MIT",
      "peer": true,
      "dependencies": {
        "loose-envify": "^1.1.0"
      },
      "engines": {
        "node": ">=0.10.0"
      }
    },
    "node_modules/react-dom": {
      "version": "18.3.1",
      "resolved": "https://registry.npmjs.org/react-dom/-/react-dom-18.3.1.tgz",
      "integrity": "sha512-5m4nQKp+rZRb09LNH59GM4BxTh9251/ylbKIbpe7TpGxfJ+9kv6BLkLBXIjjspbgbnIBNqlI23tRnTWT0snUIw==",
      "license": "MIT",
      "peer": true,
      "dependencies": {
        "loose-envify": "^1.1.0",
        "scheduler": "^0.23.2"
      },
      "peerDependencies": {
        "react": "^18.3.1"
      }
    },
    "node_modules/scheduler": {
      "version": "0.23.2",
      "resolved": "https://registry.npmjs.org/scheduler/-/scheduler-0.23.2.tgz",
      "integrity": "sha512-UOShsPwz7NrMUqhR6t0hWjFduvOzbtv7toDH1/hIrfRNIDBnnBWd0CwJTGvTpngVlmwGCdP9/Zl/tVrDqcuYzQ==",
      "license": "MIT",
      "peer": true,
      "dependencies": {
        "loose-envify": "^1.1.0"
      }
    },
    "node_modules/web-vitals": {
      "version": "3.5.2",
      "resolved": "https://registry.npmjs.org/web-vitals/-/web-vitals-3.5.2.tgz",
      "integrity": "sha512-c0rhqNcHXRkY/ogGDJQxZ9Im9D19hDihbzSQJrsioex+KnFgmMzBiy57Z1EjkhX/+OjyBpclDCzz2ITtjokFmg==",
      "license": "Apache-2.0"
    }
  }
}
